{
  "name": "dompurify-vulnerable",
  "version": "1.0.0",
  "lockfileVersion": 1,
  "requires": true,
  "dependencies": {
    "dompurify": {
      "version": "2.3.0",
      "resolved": "https://registry.npmjs.org/dompurify/-/dompurify-2.3.0.tgz",
      "integrity": "sha512-VV5C6Kr53YVHGOBKO/F86OYX6/iLTw2yVSI721gKetxpHCK/V5TaLEf9ODjRgl1KLSWRMY6cUhAbv/c+IUnwQw=="
    }
  }
}
