{
  "name": "dompurify-vulnerable",
  "version": "1.0.0",
  "lockfileVersion": 1,
  "requires": true,
  "dependencies": {
    "dompurify": {
      "version": "2.3.6",
      "resolved": "https://registry.npmjs.org/dompurify/-/dompurify-2.3.6.tgz",
      "integrity": "sha512-OFP2u/3T1R5CEgWCEONuJ1a5+MFKnOYpkywpUSxv/dj1LeBT1erK+JwM7zK0ROy2BRhqVCf0LRw/kHqKuMkVGg=="
    }
  }
}
