{
  "name": "dompurify-vulnerable",
  "version": "1.0.0",
  "lockfileVersion": 1,
  "requires": true,
  "dependencies": {
    "dompurify": {
      "version": "2.4.3",
      "resolved": "https://registry.npmjs.org/dompurify/-/dompurify-2.4.3.tgz",
      "integrity": "sha512-q6QaLcakcRjebxjg8/+NP+h0rPfatOgOzc46Fst9VAA3jF2ApfKBNKMzdP4DYTqtUMXSCd5pRS/8Po/OmoCHZQ=="
    }
  }
}
